// !$*UTF8*$!
{
	archiveVersion = 1;
	classes = {
	};
	objectVersion = 48;
	objects = {

/* Begin PBXBuildFile section */
		0A4166B9201F156A00BD5087 /* AppDelegate.swift in Sources */ = {isa = PBXBuildFile; fileRef = 0A4166B8201F156A00BD5087 /* AppDelegate.swift */; };
		0A4166BD201F156A00BD5087 /* Actions.sks in Resources */ = {isa = PBXBuildFile; fileRef = 0A4166BC201F156A00BD5087 /* Actions.sks */; };
		0A4166C1201F156A00BD5087 /* GameViewController.swift in Sources */ = {isa = PBXBuildFile; fileRef = 0A4166C0201F156A00BD5087 /* GameViewController.swift */; };
		0A4166C4201F156A00BD5087 /* Main.storyboard in Resources */ = {isa = PBXBuildFile; fileRef = 0A4166C2201F156A00BD5087 /* Main.storyboard */; };
		0A4166D2201F169A00BD5087 /* MainMenu.sks in Resources */ = {isa = PBXBuildFile; fileRef = 0A4166D1201F169A00BD5087 /* MainMenu.sks */; };
		0A4166D6201F171200BD5087 /* MainMenuScene.swift in Sources */ = {isa = PBXBuildFile; fileRef = 0A4166D5201F171200BD5087 /* MainMenuScene.swift */; };
		0A4166D8201F1E0200BD5087 /* GameplayScene.sks in Resources */ = {isa = PBXBuildFile; fileRef = 0A4166D7201F1E0200BD5087 /* GameplayScene.sks */; };
		0A4166DA201F1E2B00BD5087 /* GameplaySceneClass.swift in Sources */ = {isa = PBXBuildFile; fileRef = 0A4166D9201F1E2B00BD5087 /* GameplaySceneClass.swift */; };
		0A4166DD201F272F00BD5087 /* Player.swift in Sources */ = {isa = PBXBuildFile; fileRef = 0A4166DC201F272F00BD5087 /* Player.swift */; };
		0A4166E0201F2F9700BD5087 /* ItemController.swift in Sources */ = {isa = PBXBuildFile; fileRef = 0A4166DF201F2F9700BD5087 /* ItemController.swift */; };
		0A56F53C202C9CAE00BED006 /* bottleFalls.mp3 in Resources */ = {isa = PBXBuildFile; fileRef = 0A56F53A202C9CAD00BED006 /* bottleFalls.mp3 */; };
		0A56F53D202C9CAE00BED006 /* bottleIn.mp3 in Resources */ = {isa = PBXBuildFile; fileRef = 0A56F53B202C9CAD00BED006 /* bottleIn.mp3 */; };
		0A5CD7B62043FBE000BB2AD8 /* Firework.sks in Resources */ = {isa = PBXBuildFile; fileRef = 0A5CD7B52043FBE000BB2AD8 /* Firework.sks */; };
		0A5F6C952029976400C5BDF3 /* Explosion.sks in Resources */ = {isa = PBXBuildFile; fileRef = 0A5F6C932029976400C5BDF3 /* Explosion.sks */; };
		0A5F6C962029976400C5BDF3 /* Assets.xcassets in Resources */ = {isa = PBXBuildFile; fileRef = 0A5F6C942029976400C5BDF3 /* Assets.xcassets */; };
		0A706B46202BFC1A006FACB2 /* UIDevice+Extensions.swift in Sources */ = {isa = PBXBuildFile; fileRef = 0A706B45202BFC1A006FACB2 /* UIDevice+Extensions.swift */; };
		0A706B48202BFCDA006FACB2 /* GetSceneForDevice.swift in Sources */ = {isa = PBXBuildFile; fileRef = 0A706B47202BFCDA006FACB2 /* GetSceneForDevice.swift */; };
		0A706B81202C29A8006FACB2 /* MainMenuIpad97.sks in Resources */ = {isa = PBXBuildFile; fileRef = 0A706B80202C29A8006FACB2 /* MainMenuIpad97.sks */; };
		0A706B83202C29C3006FACB2 /* GameplaySceneIpad97.sks in Resources */ = {isa = PBXBuildFile; fileRef = 0A706B82202C29C3006FACB2 /* GameplaySceneIpad97.sks */; };
		0A706B85202C29E0006FACB2 /* MainMenuIpad12.sks in Resources */ = {isa = PBXBuildFile; fileRef = 0A706B84202C29E0006FACB2 /* MainMenuIpad12.sks */; };
		0A706B87202C29F5006FACB2 /* GameplaySceneIpad12.sks in Resources */ = {isa = PBXBuildFile; fileRef = 0A706B86202C29F5006FACB2 /* GameplaySceneIpad12.sks */; };
		0A706B89202C2A1E006FACB2 /* MainMenu6sPlus.sks in Resources */ = {isa = PBXBuildFile; fileRef = 0A706B88202C2A1E006FACB2 /* MainMenu6sPlus.sks */; };
		0A706B8B202C2A30006FACB2 /* GameplayScene6sPlus.sks in Resources */ = {isa = PBXBuildFile; fileRef = 0A706B8A202C2A30006FACB2 /* GameplayScene6sPlus.sks */; };
		0A706B8D202C2A4F006FACB2 /* MainMenu6s.sks in Resources */ = {isa = PBXBuildFile; fileRef = 0A706B8C202C2A4F006FACB2 /* MainMenu6s.sks */; };
		0A706B8F202C2A61006FACB2 /* GameplayScene6s.sks in Resources */ = {isa = PBXBuildFile; fileRef = 0A706B8E202C2A61006FACB2 /* GameplayScene6s.sks */; };
		0A706B91202C2A7B006FACB2 /* MainMenuSE.sks in Resources */ = {isa = PBXBuildFile; fileRef = 0A706B90202C2A7B006FACB2 /* MainMenuSE.sks */; };
		0A706B93202C2A8A006FACB2 /* GameplaySceneSE.sks in Resources */ = {isa = PBXBuildFile; fileRef = 0A706B92202C2A8A006FACB2 /* GameplaySceneSE.sks */; };
		0A706B95202C2A9D006FACB2 /* MainMenu4s.sks in Resources */ = {isa = PBXBuildFile; fileRef = 0A706B94202C2A9D006FACB2 /* MainMenu4s.sks */; };
		0A706B97202C2AAB006FACB2 /* GameplayScene4s.sks in Resources */ = {isa = PBXBuildFile; fileRef = 0A706B96202C2AAB006FACB2 /* GameplayScene4s.sks */; };
		0A706B9C202C568A006FACB2 /* mainsence.mp3 in Resources */ = {isa = PBXBuildFile; fileRef = 0A706B98202C5687006FACB2 /* mainsence.mp3 */; };
		0A706B9D202C568A006FACB2 /* coin.wav in Resources */ = {isa = PBXBuildFile; fileRef = 0A706B99202C5687006FACB2 /* coin.wav */; };
		0A706B9E202C568A006FACB2 /* boom.mp3 in Resources */ = {isa = PBXBuildFile; fileRef = 0A706B9A202C5688006FACB2 /* boom.mp3 */; };
		0A706B9F202C568A006FACB2 /* heart.wav in Resources */ = {isa = PBXBuildFile; fileRef = 0A706B9B202C5689006FACB2 /* heart.wav */; };
		0A762EB8203EA7290045D53E /* Comic Book Bold Italic.otf in Resources */ = {isa = PBXBuildFile; fileRef = 0A762EB4203EA7080045D53E /* Comic Book Bold Italic.otf */; };
		0A762EB9203EA72D0045D53E /* Comic Book Bold.otf in Resources */ = {isa = PBXBuildFile; fileRef = 0A762EB5203EA7090045D53E /* Comic Book Bold.otf */; };
		0A762EBA203EA72F0045D53E /* Comic Book Italic.otf in Resources */ = {isa = PBXBuildFile; fileRef = 0A762EB7203EA7090045D53E /* Comic Book Italic.otf */; };
		0A762EBB203EA7310045D53E /* Comic Book.otf in Resources */ = {isa = PBXBuildFile; fileRef = 0A762EB6203EA7090045D53E /* Comic Book.otf */; };
		0A77B36D20322DE8008ABA04 /* Assets.xcassets in Resources */ = {isa = PBXBuildFile; fileRef = 0A77B36C20322DE8008ABA04 /* Assets.xcassets */; };
		0A77B36F20322EAB008ABA04 /* Launch Screen.storyboard in Resources */ = {isa = PBXBuildFile; fileRef = 0A77B36E20322EAB008ABA04 /* Launch Screen.storyboard */; };
		0AA6158E20317A3300E2306A /* MainMenuIpad97 copy.sks in Resources */ = {isa = PBXBuildFile; fileRef = 0AA6158D20317A3200E2306A /* MainMenuIpad97 copy.sks */; };
		0AA6159020317ADD00E2306A /* MainMenuIpad12 copy.sks in Resources */ = {isa = PBXBuildFile; fileRef = 0AA6158F20317ADD00E2306A /* MainMenuIpad12 copy.sks */; };
		0AA6159220317C4000E2306A /* MainMenu6sPlus copy.sks in Resources */ = {isa = PBXBuildFile; fileRef = 0AA6159120317C4000E2306A /* MainMenu6sPlus copy.sks */; };
		0AA6159420317C7800E2306A /* MainMenu6s copy.sks in Resources */ = {isa = PBXBuildFile; fileRef = 0AA6159320317C7800E2306A /* MainMenu6s copy.sks */; };
		0AA6159620317CB600E2306A /* MainMenuSE copy.sks in Resources */ = {isa = PBXBuildFile; fileRef = 0AA6159520317CB600E2306A /* MainMenuSE copy.sks */; };
		0AA6159820317CE800E2306A /* MainMenu4s copy.sks in Resources */ = {isa = PBXBuildFile; fileRef = 0AA6159720317CE800E2306A /* MainMenu4s copy.sks */; };
		0AA6159A20317D0F00E2306A /* MainMenu copy.sks in Resources */ = {isa = PBXBuildFile; fileRef = 0AA6159920317D0E00E2306A /* MainMenu copy.sks */; };
		0ABA1D4920454F930013B06B /* CustomTextField.swift in Sources */ = {isa = PBXBuildFile; fileRef = 0ABA1D4820454F930013B06B /* CustomTextField.swift */; };
		0ABA1D4B204557840013B06B /* Signup.storyboard in Resources */ = {isa = PBXBuildFile; fileRef = 0ABA1D4A204557840013B06B /* Signup.storyboard */; };
		0ABA1D4D204560EB0013B06B /* SignupViewController.swift in Sources */ = {isa = PBXBuildFile; fileRef = 0ABA1D4C204560EB0013B06B /* SignupViewController.swift */; };
		0AE0D6622053857A009C67FA /* Login.storyboard in Resources */ = {isa = PBXBuildFile; fileRef = 0AE0D6612053857A009C67FA /* Login.storyboard */; };
		0AF4F1482047970200A02B68 /* comic.ttf in Resources */ = {isa = PBXBuildFile; fileRef = 0AF4F147204795F600A02B68 /* comic.ttf */; };
		0AF4F1492047970400A02B68 /* MotivaSans-MediumItalic.otf in Resources */ = {isa = PBXBuildFile; fileRef = 0A8E9E792044118C005C08EE /* MotivaSans-MediumItalic.otf */; };
		21376353205610A500AF7B24 /* ChangePassword.storyboard in Resources */ = {isa = PBXBuildFile; fileRef = 21376352205610A500AF7B24 /* ChangePassword.storyboard */; };
		2137635520565FFF00AF7B24 /* ChangePasswordViewController.swift in Sources */ = {isa = PBXBuildFile; fileRef = 2137635420565FFF00AF7B24 /* ChangePasswordViewController.swift */; };
		21BB26F82052956A0001D224 /* ForgotPasswordViewController.swift in Sources */ = {isa = PBXBuildFile; fileRef = 21BB26F72052956A0001D224 /* ForgotPasswordViewController.swift */; };
		21BB26FC205295D50001D224 /* LoginViewController.swift in Sources */ = {isa = PBXBuildFile; fileRef = 21BB26FB205295D50001D224 /* LoginViewController.swift */; };
		21BB26FE20537AC00001D224 /* ConnectionCheck.swift in Sources */ = {isa = PBXBuildFile; fileRef = 21BB26FD20537AC00001D224 /* ConnectionCheck.swift */; };
		BB8D2836A115B4F5D3ADAEC5 /* Pods_Catch_beer.framework in Frameworks */ = {isa = PBXBuildFile; fileRef = 973CE7671B01BBC14B6D42B2 /* Pods_Catch_beer.framework */; };
/* End PBXBuildFile section */

/* Begin PBXFileReference section */
		0A292B9220313F8800E951B7 /* Catch beer.entitlements */ = {isa = PBXFileReference; lastKnownFileType = text.plist.entitlements; path = "Catch beer.entitlements"; sourceTree = "<group>"; };
		0A3D6CA7203272F200CCC037 /* Catch beer-Bridging-Header.h */ = {isa = PBXFileReference; lastKnownFileType = sourcecode.c.h; path = "Catch beer-Bridging-Header.h"; sourceTree = "<group>"; };
		0A4166B5201F156A00BD5087 /* Catch beer.app */ = {isa = PBXFileReference; explicitFileType = wrapper.application; includeInIndex = 0; path = "Catch beer.app"; sourceTree = BUILT_PRODUCTS_DIR; };
		0A4166B8201F156A00BD5087 /* AppDelegate.swift */ = {isa = PBXFileReference; lastKnownFileType = sourcecode.swift; path = AppDelegate.swift; sourceTree = "<group>"; };
		0A4166BC201F156A00BD5087 /* Actions.sks */ = {isa = PBXFileReference; lastKnownFileType = file.sks; path = Actions.sks; sourceTree = "<group>"; };
		0A4166C0201F156A00BD5087 /* GameViewController.swift */ = {isa = PBXFileReference; lastKnownFileType = sourcecode.swift; path = GameViewController.swift; sourceTree = "<group>"; };
		0A4166C3201F156A00BD5087 /* Base */ = {isa = PBXFileReference; lastKnownFileType = file.storyboard; name = Base; path = Base.lproj/Main.storyboard; sourceTree = "<group>"; };
		0A4166CA201F156A00BD5087 /* Info.plist */ = {isa = PBXFileReference; lastKnownFileType = text.plist.xml; path = Info.plist; sourceTree = "<group>"; };
		0A4166D1201F169A00BD5087 /* MainMenu.sks */ = {isa = PBXFileReference; lastKnownFileType = file.sks; path = MainMenu.sks; sourceTree = "<group>"; };
		0A4166D5201F171200BD5087 /* MainMenuScene.swift */ = {isa = PBXFileReference; lastKnownFileType = sourcecode.swift; path = MainMenuScene.swift; sourceTree = "<group>"; };
		0A4166D7201F1E0200BD5087 /* GameplayScene.sks */ = {isa = PBXFileReference; lastKnownFileType = file.sks; path = GameplayScene.sks; sourceTree = "<group>"; };
		0A4166D9201F1E2B00BD5087 /* GameplaySceneClass.swift */ = {isa = PBXFileReference; lastKnownFileType = sourcecode.swift; path = GameplaySceneClass.swift; sourceTree = "<group>"; };
		0A4166DC201F272F00BD5087 /* Player.swift */ = {isa = PBXFileReference; lastKnownFileType = sourcecode.swift; path = Player.swift; sourceTree = "<group>"; };
		0A4166DF201F2F9700BD5087 /* ItemController.swift */ = {isa = PBXFileReference; lastKnownFileType = sourcecode.swift; path = ItemController.swift; sourceTree = "<group>"; };
		0A56F53A202C9CAD00BED006 /* bottleFalls.mp3 */ = {isa = PBXFileReference; lastKnownFileType = audio.mp3; path = bottleFalls.mp3; sourceTree = "<group>"; };
		0A56F53B202C9CAD00BED006 /* bottleIn.mp3 */ = {isa = PBXFileReference; lastKnownFileType = audio.mp3; path = bottleIn.mp3; sourceTree = "<group>"; };
		0A5CD7B52043FBE000BB2AD8 /* Firework.sks */ = {isa = PBXFileReference; lastKnownFileType = file.sks; path = Firework.sks; sourceTree = "<group>"; };
		0A5F6C932029976400C5BDF3 /* Explosion.sks */ = {isa = PBXFileReference; lastKnownFileType = file.sks; path = Explosion.sks; sourceTree = "<group>"; };
		0A5F6C942029976400C5BDF3 /* Assets.xcassets */ = {isa = PBXFileReference; lastKnownFileType = folder.assetcatalog; path = Assets.xcassets; sourceTree = "<group>"; };
		0A706B45202BFC1A006FACB2 /* UIDevice+Extensions.swift */ = {isa = PBXFileReference; lastKnownFileType = sourcecode.swift; path = "UIDevice+Extensions.swift"; sourceTree = "<group>"; };
		0A706B47202BFCDA006FACB2 /* GetSceneForDevice.swift */ = {isa = PBXFileReference; lastKnownFileType = sourcecode.swift; path = GetSceneForDevice.swift; sourceTree = "<group>"; };
		0A706B80202C29A8006FACB2 /* MainMenuIpad97.sks */ = {isa = PBXFileReference; lastKnownFileType = file.sks; path = MainMenuIpad97.sks; sourceTree = "<group>"; };
		0A706B82202C29C3006FACB2 /* GameplaySceneIpad97.sks */ = {isa = PBXFileReference; lastKnownFileType = file.sks; path = GameplaySceneIpad97.sks; sourceTree = "<group>"; };
		0A706B84202C29E0006FACB2 /* MainMenuIpad12.sks */ = {isa = PBXFileReference; lastKnownFileType = file.sks; path = MainMenuIpad12.sks; sourceTree = "<group>"; };
		0A706B86202C29F5006FACB2 /* GameplaySceneIpad12.sks */ = {isa = PBXFileReference; lastKnownFileType = file.sks; path = GameplaySceneIpad12.sks; sourceTree = "<group>"; };
		0A706B88202C2A1E006FACB2 /* MainMenu6sPlus.sks */ = {isa = PBXFileReference; lastKnownFileType = file.sks; path = MainMenu6sPlus.sks; sourceTree = "<group>"; };
		0A706B8A202C2A30006FACB2 /* GameplayScene6sPlus.sks */ = {isa = PBXFileReference; lastKnownFileType = file.sks; path = GameplayScene6sPlus.sks; sourceTree = "<group>"; };
		0A706B8C202C2A4F006FACB2 /* MainMenu6s.sks */ = {isa = PBXFileReference; lastKnownFileType = file.sks; path = MainMenu6s.sks; sourceTree = "<group>"; };
		0A706B8E202C2A61006FACB2 /* GameplayScene6s.sks */ = {isa = PBXFileReference; lastKnownFileType = file.sks; path = GameplayScene6s.sks; sourceTree = "<group>"; };
		0A706B90202C2A7B006FACB2 /* MainMenuSE.sks */ = {isa = PBXFileReference; lastKnownFileType = file.sks; path = MainMenuSE.sks; sourceTree = "<group>"; };
		0A706B92202C2A8A006FACB2 /* GameplaySceneSE.sks */ = {isa = PBXFileReference; lastKnownFileType = file.sks; path = GameplaySceneSE.sks; sourceTree = "<group>"; };
		0A706B94202C2A9D006FACB2 /* MainMenu4s.sks */ = {isa = PBXFileReference; lastKnownFileType = file.sks; path = MainMenu4s.sks; sourceTree = "<group>"; };
		0A706B96202C2AAB006FACB2 /* GameplayScene4s.sks */ = {isa = PBXFileReference; lastKnownFileType = file.sks; path = GameplayScene4s.sks; sourceTree = "<group>"; };
		0A706B98202C5687006FACB2 /* mainsence.mp3 */ = {isa = PBXFileReference; lastKnownFileType = audio.mp3; path = mainsence.mp3; sourceTree = "<group>"; };
		0A706B99202C5687006FACB2 /* coin.wav */ = {isa = PBXFileReference; lastKnownFileType = audio.wav; path = coin.wav; sourceTree = "<group>"; };
		0A706B9A202C5688006FACB2 /* boom.mp3 */ = {isa = PBXFileReference; lastKnownFileType = audio.mp3; path = boom.mp3; sourceTree = "<group>"; };
		0A706B9B202C5689006FACB2 /* heart.wav */ = {isa = PBXFileReference; lastKnownFileType = audio.wav; path = heart.wav; sourceTree = "<group>"; };
		0A762EB4203EA7080045D53E /* Comic Book Bold Italic.otf */ = {isa = PBXFileReference; lastKnownFileType = file; path = "Comic Book Bold Italic.otf"; sourceTree = "<group>"; };
		0A762EB5203EA7090045D53E /* Comic Book Bold.otf */ = {isa = PBXFileReference; lastKnownFileType = file; path = "Comic Book Bold.otf"; sourceTree = "<group>"; };
		0A762EB6203EA7090045D53E /* Comic Book.otf */ = {isa = PBXFileReference; lastKnownFileType = file; path = "Comic Book.otf"; sourceTree = "<group>"; };
		0A762EB7203EA7090045D53E /* Comic Book Italic.otf */ = {isa = PBXFileReference; lastKnownFileType = file; path = "Comic Book Italic.otf"; sourceTree = "<group>"; };
		0A77B36C20322DE8008ABA04 /* Assets.xcassets */ = {isa = PBXFileReference; lastKnownFileType = folder.assetcatalog; path = Assets.xcassets; sourceTree = "<group>"; };
		0A77B36E20322EAB008ABA04 /* Launch Screen.storyboard */ = {isa = PBXFileReference; lastKnownFileType = file.storyboard; path = "Launch Screen.storyboard"; sourceTree = "<group>"; };
		0A8E9E792044118C005C08EE /* MotivaSans-MediumItalic.otf */ = {isa = PBXFileReference; lastKnownFileType = file; path = "MotivaSans-MediumItalic.otf"; sourceTree = "<group>"; };
		0AA6158D20317A3200E2306A /* MainMenuIpad97 copy.sks */ = {isa = PBXFileReference; lastKnownFileType = file.sks; path = "MainMenuIpad97 copy.sks"; sourceTree = "<group>"; };
		0AA6158F20317ADD00E2306A /* MainMenuIpad12 copy.sks */ = {isa = PBXFileReference; lastKnownFileType = file.sks; path = "MainMenuIpad12 copy.sks"; sourceTree = "<group>"; };
		0AA6159120317C4000E2306A /* MainMenu6sPlus copy.sks */ = {isa = PBXFileReference; lastKnownFileType = file.sks; path = "MainMenu6sPlus copy.sks"; sourceTree = "<group>"; };
		0AA6159320317C7800E2306A /* MainMenu6s copy.sks */ = {isa = PBXFileReference; lastKnownFileType = file.sks; name = "MainMenu6s copy.sks"; path = "Catch beer/Scenes/iphone 6s/MainMenu6s copy.sks"; sourceTree = SOURCE_ROOT; };
		0AA6159520317CB600E2306A /* MainMenuSE copy.sks */ = {isa = PBXFileReference; lastKnownFileType = file.sks; path = "MainMenuSE copy.sks"; sourceTree = "<group>"; };
		0AA6159720317CE800E2306A /* MainMenu4s copy.sks */ = {isa = PBXFileReference; lastKnownFileType = file.sks; path = "MainMenu4s copy.sks"; sourceTree = "<group>"; };
		0AA6159920317D0E00E2306A /* MainMenu copy.sks */ = {isa = PBXFileReference; lastKnownFileType = file.sks; path = "MainMenu copy.sks"; sourceTree = "<group>"; };
		0ABA1D4820454F930013B06B /* CustomTextField.swift */ = {isa = PBXFileReference; lastKnownFileType = sourcecode.swift; path = CustomTextField.swift; sourceTree = "<group>"; };
		0ABA1D4A204557840013B06B /* Signup.storyboard */ = {isa = PBXFileReference; lastKnownFileType = file.storyboard; path = Signup.storyboard; sourceTree = "<group>"; };
		0ABA1D4C204560EB0013B06B /* SignupViewController.swift */ = {isa = PBXFileReference; lastKnownFileType = sourcecode.swift; path = SignupViewController.swift; sourceTree = "<group>"; };
		0AE0D6612053857A009C67FA /* Login.storyboard */ = {isa = PBXFileReference; fileEncoding = 4; lastKnownFileType = file.storyboard; path = Login.storyboard; sourceTree = "<group>"; };
		0AF4F147204795F600A02B68 /* comic.ttf */ = {isa = PBXFileReference; lastKnownFileType = file; path = comic.ttf; sourceTree = "<group>"; };
		21376352205610A500AF7B24 /* ChangePassword.storyboard */ = {isa = PBXFileReference; lastKnownFileType = file.storyboard; path = ChangePassword.storyboard; sourceTree = "<group>"; };
		2137635420565FFF00AF7B24 /* ChangePasswordViewController.swift */ = {isa = PBXFileReference; lastKnownFileType = sourcecode.swift; path = ChangePasswordViewController.swift; sourceTree = "<group>"; };
		21BB26F72052956A0001D224 /* ForgotPasswordViewController.swift */ = {isa = PBXFileReference; fileEncoding = 4; lastKnownFileType = sourcecode.swift; path = ForgotPasswordViewController.swift; sourceTree = "<group>"; };
		21BB26FB205295D50001D224 /* LoginViewController.swift */ = {isa = PBXFileReference; fileEncoding = 4; lastKnownFileType = sourcecode.swift; path = LoginViewController.swift; sourceTree = "<group>"; };
		21BB26FD20537AC00001D224 /* ConnectionCheck.swift */ = {isa = PBXFileReference; lastKnownFileType = sourcecode.swift; path = ConnectionCheck.swift; sourceTree = "<group>"; };
		4C71A3108B3AEF9BCD1AB149 /* Pods-Catch beer.debug.xcconfig */ = {isa = PBXFileReference; includeInIndex = 1; lastKnownFileType = text.xcconfig; name = "Pods-Catch beer.debug.xcconfig"; path = "Pods/Target Support Files/Pods-Catch beer/Pods-Catch beer.debug.xcconfig"; sourceTree = "<group>"; };
		5DB8E6FC1DC6088A193BC2CD /* Pods-Catch beer.release.xcconfig */ = {isa = PBXFileReference; includeInIndex = 1; lastKnownFileType = text.xcconfig; name = "Pods-Catch beer.release.xcconfig"; path = "Pods/Target Support Files/Pods-Catch beer/Pods-Catch beer.release.xcconfig"; sourceTree = "<group>"; };
		973CE7671B01BBC14B6D42B2 /* Pods_Catch_beer.framework */ = {isa = PBXFileReference; explicitFileType = wrapper.framework; includeInIndex = 0; path = Pods_Catch_beer.framework; sourceTree = BUILT_PRODUCTS_DIR; };
/* End PBXFileReference section */

/* Begin PBXFrameworksBuildPhase section */
		0A4166B2201F156A00BD5087 /* Frameworks */ = {
			isa = PBXFrameworksBuildPhase;
			buildActionMask = 2147483647;
			files = (
				BB8D2836A115B4F5D3ADAEC5 /* Pods_Catch_beer.framework in Frameworks */,
			);
			runOnlyForDeploymentPostprocessing = 0;
		};
/* End PBXFrameworksBuildPhase section */

/* Begin PBXGroup section */
		0A0C8AEE202BEC6F00E05BB1 /* iphone 4s */ = {
			isa = PBXGroup;
			children = (
				0AA6159720317CE800E2306A /* MainMenu4s copy.sks */,
				0A706B94202C2A9D006FACB2 /* MainMenu4s.sks */,
				0A706B96202C2AAB006FACB2 /* GameplayScene4s.sks */,
			);
			path = "iphone 4s";
			sourceTree = "<group>";
		};
		0A0C8AEF202BECBA00E05BB1 /* iphone SE */ = {
			isa = PBXGroup;
			children = (
				0AA6159520317CB600E2306A /* MainMenuSE copy.sks */,
				0A706B90202C2A7B006FACB2 /* MainMenuSE.sks */,
				0A706B92202C2A8A006FACB2 /* GameplaySceneSE.sks */,
			);
			path = "iphone SE";
			sourceTree = "<group>";
		};
		0A0C8AF0202BECC400E05BB1 /* iphone 6s */ = {
			isa = PBXGroup;
			children = (
				0AA6159320317C7800E2306A /* MainMenu6s copy.sks */,
				0A706B8C202C2A4F006FACB2 /* MainMenu6s.sks */,
				0A706B8E202C2A61006FACB2 /* GameplayScene6s.sks */,
			);
			path = "iphone 6s";
			sourceTree = "<group>";
		};
		0A0C8AF1202BECF300E05BB1 /* iphone 6s plus */ = {
			isa = PBXGroup;
			children = (
				0AA6159120317C4000E2306A /* MainMenu6sPlus copy.sks */,
				0A706B88202C2A1E006FACB2 /* MainMenu6sPlus.sks */,
				0A706B8A202C2A30006FACB2 /* GameplayScene6sPlus.sks */,
			);
			path = "iphone 6s plus";
			sourceTree = "<group>";
		};
		0A0C8AF2202BED1F00E05BB1 /* ipad Pro 12.9 */ = {
			isa = PBXGroup;
			children = (
				0AA6158F20317ADD00E2306A /* MainMenuIpad12 copy.sks */,
				0A706B84202C29E0006FACB2 /* MainMenuIpad12.sks */,
				0A706B86202C29F5006FACB2 /* GameplaySceneIpad12.sks */,
			);
			path = "ipad Pro 12.9";
			sourceTree = "<group>";
		};
		0A0C8AF3202BED3F00E05BB1 /* ipad 9.7 */ = {
			isa = PBXGroup;
			children = (
				0AA6158D20317A3200E2306A /* MainMenuIpad97 copy.sks */,
				0A706B80202C29A8006FACB2 /* MainMenuIpad97.sks */,
				0A706B82202C29C3006FACB2 /* GameplaySceneIpad97.sks */,
			);
			path = "ipad 9.7";
			sourceTree = "<group>";
		};
		0A4166AC201F156A00BD5087 = {
			isa = PBXGroup;
			children = (
				0A762EB3203EA6E90045D53E /* Font */,
				0A4166B7201F156A00BD5087 /* Catch beer */,
				0A4166B6201F156A00BD5087 /* Products */,
				18AF6FBB40764B1667B46E90 /* Pods */,
				23658734913D30FB04D9C182 /* Frameworks */,
			);
			sourceTree = "<group>";
		};
		0A4166B6201F156A00BD5087 /* Products */ = {
			isa = PBXGroup;
			children = (
				0A4166B5201F156A00BD5087 /* Catch beer.app */,
			);
			name = Products;
			sourceTree = "<group>";
		};
		0A4166B7201F156A00BD5087 /* Catch beer */ = {
			isa = PBXGroup;
			children = (
				0A292B9220313F8800E951B7 /* Catch beer.entitlements */,
				0A56F53E202C9CB300BED006 /* Sounds */,
				0A706B44202BFBF2006FACB2 /* Extensions */,
				0A4166D3201F16C300BD5087 /* Classes */,
				0A4166D0201F165C00BD5087 /* Scenes */,
				0A4166B8201F156A00BD5087 /* AppDelegate.swift */,
				0A77B36C20322DE8008ABA04 /* Assets.xcassets */,
				0A4166BC201F156A00BD5087 /* Actions.sks */,
				0A4166C0201F156A00BD5087 /* GameViewController.swift */,
				0A4166C2201F156A00BD5087 /* Main.storyboard */,
				0ABA1D4A204557840013B06B /* Signup.storyboard */,
				0AE0D6612053857A009C67FA /* Login.storyboard */,
				0A77B36E20322EAB008ABA04 /* Launch Screen.storyboard */,
				21376352205610A500AF7B24 /* ChangePassword.storyboard */,
				0A4166CA201F156A00BD5087 /* Info.plist */,
				0A706B47202BFCDA006FACB2 /* GetSceneForDevice.swift */,
				0A3D6CA7203272F200CCC037 /* Catch beer-Bridging-Header.h */,
			);
			path = "Catch beer";
			sourceTree = "<group>";
		};
		0A4166D0201F165C00BD5087 /* Scenes */ = {
			isa = PBXGroup;
			children = (
				0A0C8AF3202BED3F00E05BB1 /* ipad 9.7 */,
				0A0C8AF2202BED1F00E05BB1 /* ipad Pro 12.9 */,
				0A0C8AF1202BECF300E05BB1 /* iphone 6s plus */,
				0A0C8AF0202BECC400E05BB1 /* iphone 6s */,
				0A0C8AEF202BECBA00E05BB1 /* iphone SE */,
				0A0C8AEE202BEC6F00E05BB1 /* iphone 4s */,
				0A5F6C932029976400C5BDF3 /* Explosion.sks */,
				0A4166D1201F169A00BD5087 /* MainMenu.sks */,
				0AA6159920317D0E00E2306A /* MainMenu copy.sks */,
				0A4166D7201F1E0200BD5087 /* GameplayScene.sks */,
				0A5F6C942029976400C5BDF3 /* Assets.xcassets */,
				0A5CD7B52043FBE000BB2AD8 /* Firework.sks */,
			);
			path = Scenes;
			sourceTree = "<group>";
		};
		0A4166D3201F16C300BD5087 /* Classes */ = {
			isa = PBXGroup;
			children = (
				0A4166DE201F2F5A00BD5087 /* Items Controller Classes */,
				0A4166DB201F271E00BD5087 /* Player Class */,
				0A4166D4201F16D500BD5087 /* Scene Classes */,
			);
			path = Classes;
			sourceTree = "<group>";
		};
		0A4166D4201F16D500BD5087 /* Scene Classes */ = {
			isa = PBXGroup;
			children = (
				0A4166D5201F171200BD5087 /* MainMenuScene.swift */,
				0A4166D9201F1E2B00BD5087 /* GameplaySceneClass.swift */,
				0ABA1D4C204560EB0013B06B /* SignupViewController.swift */,
				21BB26FB205295D50001D224 /* LoginViewController.swift */,
				21BB26F72052956A0001D224 /* ForgotPasswordViewController.swift */,
				2137635420565FFF00AF7B24 /* ChangePasswordViewController.swift */,
			);
			path = "Scene Classes";
			sourceTree = "<group>";
		};
		0A4166DB201F271E00BD5087 /* Player Class */ = {
			isa = PBXGroup;
			children = (
				0A4166DC201F272F00BD5087 /* Player.swift */,
			);
			path = "Player Class";
			sourceTree = "<group>";
		};
		0A4166DE201F2F5A00BD5087 /* Items Controller Classes */ = {
			isa = PBXGroup;
			children = (
				0A4166DF201F2F9700BD5087 /* ItemController.swift */,
			);
			path = "Items Controller Classes";
			sourceTree = "<group>";
		};
		0A56F53E202C9CB300BED006 /* Sounds */ = {
			isa = PBXGroup;
			children = (
				0A56F53A202C9CAD00BED006 /* bottleFalls.mp3 */,
				0A56F53B202C9CAD00BED006 /* bottleIn.mp3 */,
				0A706B9A202C5688006FACB2 /* boom.mp3 */,
				0A706B99202C5687006FACB2 /* coin.wav */,
				0A706B9B202C5689006FACB2 /* heart.wav */,
				0A706B98202C5687006FACB2 /* mainsence.mp3 */,
			);
			path = Sounds;
			sourceTree = "<group>";
		};
		0A706B44202BFBF2006FACB2 /* Extensions */ = {
			isa = PBXGroup;
			children = (
				0A706B45202BFC1A006FACB2 /* UIDevice+Extensions.swift */,
				0ABA1D4820454F930013B06B /* CustomTextField.swift */,
				21BB26FD20537AC00001D224 /* ConnectionCheck.swift */,
			);
			path = Extensions;
			sourceTree = "<group>";
		};
		0A762EB3203EA6E90045D53E /* Font */ = {
			isa = PBXGroup;
			children = (
				0AF4F147204795F600A02B68 /* comic.ttf */,
				0A8E9E792044118C005C08EE /* MotivaSans-MediumItalic.otf */,
				0A762EB4203EA7080045D53E /* Comic Book Bold Italic.otf */,
				0A762EB5203EA7090045D53E /* Comic Book Bold.otf */,
				0A762EB7203EA7090045D53E /* Comic Book Italic.otf */,
				0A762EB6203EA7090045D53E /* Comic Book.otf */,
			);
			path = Font;
			sourceTree = "<group>";
		};
		18AF6FBB40764B1667B46E90 /* Pods */ = {
			isa = PBXGroup;
			children = (
				4C71A3108B3AEF9BCD1AB149 /* Pods-Catch beer.debug.xcconfig */,
				5DB8E6FC1DC6088A193BC2CD /* Pods-Catch beer.release.xcconfig */,
			);
			name = Pods;
			sourceTree = "<group>";
		};
		23658734913D30FB04D9C182 /* Frameworks */ = {
			isa = PBXGroup;
			children = (
				973CE7671B01BBC14B6D42B2 /* Pods_Catch_beer.framework */,
			);
			name = Frameworks;
			sourceTree = "<group>";
		};
/* End PBXGroup section */

/* Begin PBXNativeTarget section */
		0A4166B4201F156A00BD5087 /* Catch beer */ = {
			isa = PBXNativeTarget;
			buildConfigurationList = 0A4166CD201F156A00BD5087 /* Build configuration list for PBXNativeTarget "Catch beer" */;
			buildPhases = (
				FE716B47343AAB445011A798 /* [CP] Check Pods Manifest.lock */,
				0A4166B1201F156A00BD5087 /* Sources */,
				0A4166B2201F156A00BD5087 /* Frameworks */,
				0A4166B3201F156A00BD5087 /* Resources */,
				C5AE732D9984138B88E55B68 /* [CP] Embed Pods Frameworks */,
				006311A3F70747A35805EA48 /* [CP] Copy Pods Resources */,
			);
			buildRules = (
			);
			dependencies = (
			);
			name = "Catch beer";
			productName = "Catch beer";
			productReference = 0A4166B5201F156A00BD5087 /* Catch beer.app */;
			productType = "com.apple.product-type.application";
		};
/* End PBXNativeTarget section */

/* Begin PBXProject section */
		0A4166AD201F156A00BD5087 /* Project object */ = {
			isa = PBXProject;
			attributes = {
				LastSwiftUpdateCheck = 0910;
				LastUpgradeCheck = 0910;
				ORGANIZATIONNAME = TnTechs;
				TargetAttributes = {
					0A4166B4201F156A00BD5087 = {
						CreatedOnToolsVersion = 9.1;
						ProvisioningStyle = Automatic;
						SystemCapabilities = {
							com.apple.Keychain = {
								enabled = 1;
							};
						};
					};
				};
			};
			buildConfigurationList = 0A4166B0201F156A00BD5087 /* Build configuration list for PBXProject "Catch beer" */;
			compatibilityVersion = "Xcode 8.0";
			developmentRegion = en;
			hasScannedForEncodings = 0;
			knownRegions = (
				en,
				Base,
			);
			mainGroup = 0A4166AC201F156A00BD5087;
			productRefGroup = 0A4166B6201F156A00BD5087 /* Products */;
			projectDirPath = "";
			projectRoot = "";
			targets = (
				0A4166B4201F156A00BD5087 /* Catch beer */,
			);
		};
/* End PBXProject section */

/* Begin PBXResourcesBuildPhase section */
		0A4166B3201F156A00BD5087 /* Resources */ = {
			isa = PBXResourcesBuildPhase;
			buildActionMask = 2147483647;
			files = (
				0A5CD7B62043FBE000BB2AD8 /* Firework.sks in Resources */,
				0A706B83202C29C3006FACB2 /* GameplaySceneIpad97.sks in Resources */,
				0AE0D6622053857A009C67FA /* Login.storyboard in Resources */,
				0A762EB9203EA72D0045D53E /* Comic Book Bold.otf in Resources */,
				0A706B9F202C568A006FACB2 /* heart.wav in Resources */,
				0A706B89202C2A1E006FACB2 /* MainMenu6sPlus.sks in Resources */,
				0A4166C4201F156A00BD5087 /* Main.storyboard in Resources */,
				0A706B87202C29F5006FACB2 /* GameplaySceneIpad12.sks in Resources */,
				0A706B85202C29E0006FACB2 /* MainMenuIpad12.sks in Resources */,
				0A77B36F20322EAB008ABA04 /* Launch Screen.storyboard in Resources */,
				0A706B81202C29A8006FACB2 /* MainMenuIpad97.sks in Resources */,
				0AA6159420317C7800E2306A /* MainMenu6s copy.sks in Resources */,
				0AA6158E20317A3300E2306A /* MainMenuIpad97 copy.sks in Resources */,
				0A706B93202C2A8A006FACB2 /* GameplaySceneSE.sks in Resources */,
				0A706B91202C2A7B006FACB2 /* MainMenuSE.sks in Resources */,
				0AA6159620317CB600E2306A /* MainMenuSE copy.sks in Resources */,
				0AA6159820317CE800E2306A /* MainMenu4s copy.sks in Resources */,
				0A4166D2201F169A00BD5087 /* MainMenu.sks in Resources */,
				0A706B9C202C568A006FACB2 /* mainsence.mp3 in Resources */,
				0A56F53C202C9CAE00BED006 /* bottleFalls.mp3 in Resources */,
				0A706B8D202C2A4F006FACB2 /* MainMenu6s.sks in Resources */,
				0A762EB8203EA7290045D53E /* Comic Book Bold Italic.otf in Resources */,
				0A5F6C952029976400C5BDF3 /* Explosion.sks in Resources */,
				0AF4F1482047970200A02B68 /* comic.ttf in Resources */,
				0AA6159A20317D0F00E2306A /* MainMenu copy.sks in Resources */,
				0A706B97202C2AAB006FACB2 /* GameplayScene4s.sks in Resources */,
				0A706B9D202C568A006FACB2 /* coin.wav in Resources */,
				0A762EBA203EA72F0045D53E /* Comic Book Italic.otf in Resources */,
				0AF4F1492047970400A02B68 /* MotivaSans-MediumItalic.otf in Resources */,
				0A706B95202C2A9D006FACB2 /* MainMenu4s.sks in Resources */,
				0AA6159020317ADD00E2306A /* MainMenuIpad12 copy.sks in Resources */,
				0A706B8F202C2A61006FACB2 /* GameplayScene6s.sks in Resources */,
				0A56F53D202C9CAE00BED006 /* bottleIn.mp3 in Resources */,
				0AA6159220317C4000E2306A /* MainMenu6sPlus copy.sks in Resources */,
				0A762EBB203EA7310045D53E /* Comic Book.otf in Resources */,
				0A4166D8201F1E0200BD5087 /* GameplayScene.sks in Resources */,
				0A706B9E202C568A006FACB2 /* boom.mp3 in Resources */,
				0A706B8B202C2A30006FACB2 /* GameplayScene6sPlus.sks in Resources */,
				21376353205610A500AF7B24 /* ChangePassword.storyboard in Resources */,
				0A5F6C962029976400C5BDF3 /* Assets.xcassets in Resources */,
				0A77B36D20322DE8008ABA04 /* Assets.xcassets in Resources */,
				0A4166BD201F156A00BD5087 /* Actions.sks in Resources */,
				0ABA1D4B204557840013B06B /* Signup.storyboard in Resources */,
			);
			runOnlyForDeploymentPostprocessing = 0;
		};
/* End PBXResourcesBuildPhase section */

/* Begin PBXShellScriptBuildPhase section */
		006311A3F70747A35805EA48 /* [CP] Copy Pods Resources */ = {
			isa = PBXShellScriptBuildPhase;
			buildActionMask = 2147483647;
			files = (
			);
			inputPaths = (
				"${SRCROOT}/Pods/Target Support Files/Pods-Catch beer/Pods-Catch beer-resources.sh",
				"${PODS_ROOT}/TwitterKit/iOS/TwitterKit.framework/TwitterKitResources.bundle",
				"${PODS_ROOT}/TwitterKit/iOS/TwitterKit.framework/TwitterShareExtensionUIResources.bundle",
			);
			name = "[CP] Copy Pods Resources";
			outputPaths = (
				"${TARGET_BUILD_DIR}/${UNLOCALIZED_RESOURCES_FOLDER_PATH}",
			);
			runOnlyForDeploymentPostprocessing = 0;
			shellPath = /bin/sh;
			shellScript = "\"${SRCROOT}/Pods/Target Support Files/Pods-Catch beer/Pods-Catch beer-resources.sh\"\n";
			showEnvVarsInLog = 0;
		};
		C5AE732D9984138B88E55B68 /* [CP] Embed Pods Frameworks */ = {
			isa = PBXShellScriptBuildPhase;
			buildActionMask = 2147483647;
			files = (
			);
			inputPaths = (
				"${SRCROOT}/Pods/Target Support Files/Pods-Catch beer/Pods-Catch beer-frameworks.sh",
				"${BUILT_PRODUCTS_DIR}/Alamofire/Alamofire.framework",
				"${BUILT_PRODUCTS_DIR}/Bolts/Bolts.framework",
				"${BUILT_PRODUCTS_DIR}/FBSDKCoreKit/FBSDKCoreKit.framework",
				"${BUILT_PRODUCTS_DIR}/FBSDKLoginKit/FBSDKLoginKit.framework",
				"${BUILT_PRODUCTS_DIR}/FBSDKShareKit/FBSDKShareKit.framework",
				"${BUILT_PRODUCTS_DIR}/Toast-Swift/Toast_Swift.framework",
				"${PODS_ROOT}/TwitterCore/iOS/TwitterCore.framework",
				"${PODS_ROOT}/TwitterKit/iOS/TwitterKit.framework",
			);
			name = "[CP] Embed Pods Frameworks";
			outputPaths = (
				"${TARGET_BUILD_DIR}/${FRAMEWORKS_FOLDER_PATH}/Alamofire.framework",
				"${TARGET_BUILD_DIR}/${FRAMEWORKS_FOLDER_PATH}/Bolts.framework",
				"${TARGET_BUILD_DIR}/${FRAMEWORKS_FOLDER_PATH}/FBSDKCoreKit.framework",
				"${TARGET_BUILD_DIR}/${FRAMEWORKS_FOLDER_PATH}/FBSDKLoginKit.framework",
				"${TARGET_BUILD_DIR}/${FRAMEWORKS_FOLDER_PATH}/FBSDKShareKit.framework",
				"${TARGET_BUILD_DIR}/${FRAMEWORKS_FOLDER_PATH}/Toast_Swift.framework",
				"${TARGET_BUILD_DIR}/${FRAMEWORKS_FOLDER_PATH}/TwitterCore.framework",
				"${TARGET_BUILD_DIR}/${FRAMEWORKS_FOLDER_PATH}/TwitterKit.framework",
			);
			runOnlyForDeploymentPostprocessing = 0;
			shellPath = /bin/sh;
			shellScript = "\"${SRCROOT}/Pods/Target Support Files/Pods-Catch beer/Pods-Catch beer-frameworks.sh\"\n";
			showEnvVarsInLog = 0;
		};
		FE716B47343AAB445011A798 /* [CP] Check Pods Manifest.lock */ = {
			isa = PBXShellScriptBuildPhase;
			buildActionMask = 2147483647;
			files = (
			);
			inputPaths = (
				"${PODS_PODFILE_DIR_PATH}/Podfile.lock",
				"${PODS_ROOT}/Manifest.lock",
			);
			name = "[CP] Check Pods Manifest.lock";
			outputPaths = (
				"$(DERIVED_FILE_DIR)/Pods-Catch beer-checkManifestLockResult.txt",
			);
			runOnlyForDeploymentPostprocessing = 0;
			shellPath = /bin/sh;
			shellScript = "diff \"${PODS_PODFILE_DIR_PATH}/Podfile.lock\" \"${PODS_ROOT}/Manifest.lock\" > /dev/null\nif [ $? != 0 ] ; then\n    # print error to STDERR\n    echo \"error: The sandbox is not in sync with the Podfile.lock. Run 'pod install' or update your CocoaPods installation.\" >&2\n    exit 1\nfi\n# This output is used by Xcode 'outputs' to avoid re-running this script phase.\necho \"SUCCESS\" > \"${SCRIPT_OUTPUT_FILE_0}\"\n";
			showEnvVarsInLog = 0;
		};
/* End PBXShellScriptBuildPhase section */

/* Begin PBXSourcesBuildPhase section */
		0A4166B1201F156A00BD5087 /* Sources */ = {
			isa = PBXSourcesBuildPhase;
			buildActionMask = 2147483647;
			files = (
				21BB26FC205295D50001D224 /* LoginViewController.swift in Sources */,
				0A4166D6201F171200BD5087 /* MainMenuScene.swift in Sources */,
				0ABA1D4D204560EB0013B06B /* SignupViewController.swift in Sources */,
				0A4166C1201F156A00BD5087 /* GameViewController.swift in Sources */,
				0A4166B9201F156A00BD5087 /* AppDelegate.swift in Sources */,
				0ABA1D4920454F930013B06B /* CustomTextField.swift in Sources */,
				0A4166DD201F272F00BD5087 /* Player.swift in Sources */,
				0A4166E0201F2F9700BD5087 /* ItemController.swift in Sources */,
				21BB26F82052956A0001D224 /* ForgotPasswordViewController.swift in Sources */,
				0A4166DA201F1E2B00BD5087 /* GameplaySceneClass.swift in Sources */,
				0A706B46202BFC1A006FACB2 /* UIDevice+Extensions.swift in Sources */,
				0A706B48202BFCDA006FACB2 /* GetSceneForDevice.swift in Sources */,
				21BB26FE20537AC00001D224 /* ConnectionCheck.swift in Sources */,
				2137635520565FFF00AF7B24 /* ChangePasswordViewController.swift in Sources */,
			);
			runOnlyForDeploymentPostprocessing = 0;
		};
/* End PBXSourcesBuildPhase section */

/* Begin PBXVariantGroup section */
		0A4166C2201F156A00BD5087 /* Main.storyboard */ = {
			isa = PBXVariantGroup;
			children = (
				0A4166C3201F156A00BD5087 /* Base */,
			);
			name = Main.storyboard;
			sourceTree = "<group>";
		};
/* End PBXVariantGroup section */

/* Begin XCBuildConfiguration section */
		0A4166CB201F156A00BD5087 /* Debug */ = {
			isa = XCBuildConfiguration;
			buildSettings = {
				ALWAYS_SEARCH_USER_PATHS = NO;
				CLANG_ANALYZER_NONNULL = YES;
				CLANG_ANALYZER_NUMBER_OBJECT_CONVERSION = YES_AGGRESSIVE;
				CLANG_CXX_LANGUAGE_STANDARD = "gnu++14";
				CLANG_CXX_LIBRARY = "libc++";
				CLANG_ENABLE_MODULES = YES;
				CLANG_ENABLE_OBJC_ARC = YES;
				CLANG_WARN_BLOCK_CAPTURE_AUTORELEASING = YES;
				CLANG_WARN_BOOL_CONVERSION = YES;
				CLANG_WARN_COMMA = YES;
				CLANG_WARN_CONSTANT_CONVERSION = YES;
				CLANG_WARN_DIRECT_OBJC_ISA_USAGE = YES_ERROR;
				CLANG_WARN_DOCUMENTATION_COMMENTS = YES;
				CLANG_WARN_EMPTY_BODY = YES;
				CLANG_WARN_ENUM_CONVERSION = YES;
				CLANG_WARN_INFINITE_RECURSION = YES;
				CLANG_WARN_INT_CONVERSION = YES;
				CLANG_WARN_NON_LITERAL_NULL_CONVERSION = YES;
				CLANG_WARN_OBJC_LITERAL_CONVERSION = YES;
				CLANG_WARN_OBJC_ROOT_CLASS = YES_ERROR;
				CLANG_WARN_RANGE_LOOP_ANALYSIS = YES;
				CLANG_WARN_STRICT_PROTOTYPES = YES;
				CLANG_WARN_SUSPICIOUS_MOVE = YES;
				CLANG_WARN_UNGUARDED_AVAILABILITY = YES_AGGRESSIVE;
				CLANG_WARN_UNREACHABLE_CODE = YES;
				CLANG_WARN__DUPLICATE_METHOD_MATCH = YES;
				CODE_SIGN_IDENTITY = "iPhone Developer";
				COPY_PHASE_STRIP = NO;
				DEBUG_INFORMATION_FORMAT = dwarf;
				ENABLE_STRICT_OBJC_MSGSEND = YES;
				ENABLE_TESTABILITY = YES;
				GCC_C_LANGUAGE_STANDARD = gnu11;
				GCC_DYNAMIC_NO_PIC = NO;
				GCC_NO_COMMON_BLOCKS = YES;
				GCC_OPTIMIZATION_LEVEL = 0;
				GCC_PREPROCESSOR_DEFINITIONS = (
					"DEBUG=1",
					"$(inherited)",
				);
				GCC_WARN_64_TO_32_BIT_CONVERSION = YES;
				GCC_WARN_ABOUT_RETURN_TYPE = YES_ERROR;
				GCC_WARN_UNDECLARED_SELECTOR = YES;
				GCC_WARN_UNINITIALIZED_AUTOS = YES_AGGRESSIVE;
				GCC_WARN_UNUSED_FUNCTION = YES;
				GCC_WARN_UNUSED_VARIABLE = YES;
				IPHONEOS_DEPLOYMENT_TARGET = 11.1;
				MTL_ENABLE_DEBUG_INFO = YES;
				ONLY_ACTIVE_ARCH = YES;
				SDKROOT = iphoneos;
				SWIFT_ACTIVE_COMPILATION_CONDITIONS = DEBUG;
				SWIFT_OPTIMIZATION_LEVEL = "-Onone";
			};
			name = Debug;
		};
		0A4166CC201F156A00BD5087 /* Release */ = {
			isa = XCBuildConfiguration;
			buildSettings = {
				ALWAYS_SEARCH_USER_PATHS = NO;
				CLANG_ANALYZER_NONNULL = YES;
				CLANG_ANALYZER_NUMBER_OBJECT_CONVERSION = YES_AGGRESSIVE;
				CLANG_CXX_LANGUAGE_STANDARD = "gnu++14";
				CLANG_CXX_LIBRARY = "libc++";
				CLANG_ENABLE_MODULES = YES;
				CLANG_ENABLE_OBJC_ARC = YES;
				CLANG_WARN_BLOCK_CAPTURE_AUTORELEASING = YES;
				CLANG_WARN_BOOL_CONVERSION = YES;
				CLANG_WARN_COMMA = YES;
				CLANG_WARN_CONSTANT_CONVERSION = YES;
				CLANG_WARN_DIRECT_OBJC_ISA_USAGE = YES_ERROR;
				CLANG_WARN_DOCUMENTATION_COMMENTS = YES;
				CLANG_WARN_EMPTY_BODY = YES;
				CLANG_WARN_ENUM_CONVERSION = YES;
				CLANG_WARN_INFINITE_RECURSION = YES;
				CLANG_WARN_INT_CONVERSION = YES;
				CLANG_WARN_NON_LITERAL_NULL_CONVERSION = YES;
				CLANG_WARN_OBJC_LITERAL_CONVERSION = YES;
				CLANG_WARN_OBJC_ROOT_CLASS = YES_ERROR;
				CLANG_WARN_RANGE_LOOP_ANALYSIS = YES;
				CLANG_WARN_STRICT_PROTOTYPES = YES;
				CLANG_WARN_SUSPICIOUS_MOVE = YES;
				CLANG_WARN_UNGUARDED_AVAILABILITY = YES_AGGRESSIVE;
				CLANG_WARN_UNREACHABLE_CODE = YES;
				CLANG_WARN__DUPLICATE_METHOD_MATCH = YES;
				CODE_SIGN_IDENTITY = "iPhone Developer";
				COPY_PHASE_STRIP = NO;
				DEBUG_INFORMATION_FORMAT = "dwarf-with-dsym";
				ENABLE_NS_ASSERTIONS = NO;
				ENABLE_STRICT_OBJC_MSGSEND = YES;
				GCC_C_LANGUAGE_STANDARD = gnu11;
				GCC_NO_COMMON_BLOCKS = YES;
				GCC_WARN_64_TO_32_BIT_CONVERSION = YES;
				GCC_WARN_ABOUT_RETURN_TYPE = YES_ERROR;
				GCC_WARN_UNDECLARED_SELECTOR = YES;
				GCC_WARN_UNINITIALIZED_AUTOS = YES_AGGRESSIVE;
				GCC_WARN_UNUSED_FUNCTION = YES;
				GCC_WARN_UNUSED_VARIABLE = YES;
				IPHONEOS_DEPLOYMENT_TARGET = 11.1;
				MTL_ENABLE_DEBUG_INFO = NO;
				SDKROOT = iphoneos;
				SWIFT_OPTIMIZATION_LEVEL = "-Owholemodule";
				VALIDATE_PRODUCT = YES;
			};
			name = Release;
		};
		0A4166CE201F156A00BD5087 /* Debug */ = {
			isa = XCBuildConfiguration;
			baseConfigurationReference = 4C71A3108B3AEF9BCD1AB149 /* Pods-Catch beer.debug.xcconfig */;
			buildSettings = {
				ASSETCATALOG_COMPILER_APPICON_NAME = AppIcon;
				CODE_SIGN_ENTITLEMENTS = "Catch beer/Catch beer.entitlements";
				CODE_SIGN_STYLE = Automatic;
				DEVELOPMENT_TEAM = CPK26Z4248;
				INFOPLIST_FILE = "Catch beer/Info.plist";
				IPHONEOS_DEPLOYMENT_TARGET = 9.0;
				LD_RUNPATH_SEARCH_PATHS = "$(inherited) @executable_path/Frameworks";
				PRODUCT_BUNDLE_IDENTIFIER = "Tntechs.Application.Catch-beer112";
				PRODUCT_NAME = "$(TARGET_NAME)";
				SWIFT_VERSION = 4.0;
				TARGETED_DEVICE_FAMILY = "1,2";
			};
			name = Debug;
		};
		0A4166CF201F156A00BD5087 /* Release */ = {
			isa = XCBuildConfiguration;
			baseConfigurationReference = 5DB8E6FC1DC6088A193BC2CD /* Pods-Catch beer.release.xcconfig */;
			buildSettings = {
				ASSETCATALOG_COMPILER_APPICON_NAME = AppIcon;
				CODE_SIGN_ENTITLEMENTS = "Catch beer/Catch beer.entitlements";
				CODE_SIGN_STYLE = Automatic;
				DEVELOPMENT_TEAM = CPK26Z4248;
				INFOPLIST_FILE = "Catch beer/Info.plist";
				IPHONEOS_DEPLOYMENT_TARGET = 9.0;
				LD_RUNPATH_SEARCH_PATHS = "$(inherited) @executable_path/Frameworks";
				PRODUCT_BUNDLE_IDENTIFIER = "Tntechs.Application.Catch-beer112";
				PRODUCT_NAME = "$(TARGET_NAME)";
				SWIFT_VERSION = 4.0;
				TARGETED_DEVICE_FAMILY = "1,2";
			};
			name = Release;
		};
/* End XCBuildConfiguration section */

/* Begin XCConfigurationList section */
		0A4166B0201F156A00BD5087 /* Build configuration list for PBXProject "Catch beer" */ = {
			isa = XCConfigurationList;
			buildConfigurations = (
				0A4166CB201F156A00BD5087 /* Debug */,
				0A4166CC201F156A00BD5087 /* Release */,
			);
			defaultConfigurationIsVisible = 0;
			defaultConfigurationName = Release;
		};
		0A4166CD201F156A00BD5087 /* Build configuration list for PBXNativeTarget "Catch beer" */ = {
			isa = XCConfigurationList;
			buildConfigurations = (
				0A4166CE201F156A00BD5087 /* Debug */,
				0A4166CF201F156A00BD5087 /* Release */,
			);
			defaultConfigurationIsVisible = 0;
			defaultConfigurationName = Release;
		};
/* End XCConfigurationList section */
	};
	rootObject = 0A4166AD201F156A00BD5087 /* Project object */;
}
